
Microsoft Visual Studio Solution File, Format Version 12.00
# Visual Studio Version 17
VisualStudioVersion = 17.5.002.0
MinimumVisualStudioVersion = 10.0.40219.1
Project("{FAE04EC0-301F-11D3-BF4B-00C04F79EFBC}") = "WebSocketServer", "WebSocketServer\WebSocketServer.csproj", "{A8517EFA-5AE7-4C52-8062-E41CBE7B49D0}"
EndProject
Project("{FAE04EC0-301F-11D3-BF4B-00C04F79EFBC}") = "SignalRServer", "SignalRServer\SignalRServer.csproj", "{8C3EAC67-5ACC-40E0-9F6D-4582755BFD68}"
EndProject
Global
	GlobalSection(SolutionConfigurationPlatforms) = preSolution
		Debug|Any CPU = Debug|Any CPU
		Release|Any CPU = Release|Any CPU
	EndGlobalSection
	GlobalSection(ProjectConfigurationPlatforms) = postSolution
		{A8517EFA-5AE7-4C52-8062-E41CBE7B49D0}.Debug|Any CPU.ActiveCfg = Debug|Any CPU
		{A8517EFA-5AE7-4C52-8062-E41CBE7B49D0}.Debug|Any CPU.Build.0 = Debug|Any CPU
		{A8517EFA-5AE7-4C52-8062-E41CBE7B49D0}.Release|Any CPU.ActiveCfg = Release|Any CPU
		{A8517EFA-5AE7-4C52-8062-E41CBE7B49D0}.Release|Any CPU.Build.0 = Release|Any CPU
		{8C3EAC67-5ACC-40E0-9F6D-4582755BFD68}.Debug|Any CPU.ActiveCfg = Debug|Any CPU
		{8C3EAC67-5ACC-40E0-9F6D-4582755BFD68}.Debug|Any CPU.Build.0 = Debug|Any CPU
		{8C3EAC67-5ACC-40E0-9F6D-4582755BFD68}.Release|Any CPU.ActiveCfg = Release|Any CPU
		{8C3EAC67-5ACC-40E0-9F6D-4582755BFD68}.Release|Any CPU.Build.0 = Release|Any CPU
	EndGlobalSection
	GlobalSection(SolutionProperties) = preSolution
		HideSolutionNode = FALSE
	EndGlobalSection
	GlobalSection(ExtensibilityGlobals) = postSolution
		SolutionGuid = {EAD56AC6-0FEF-412C-AC9A-2FB79323E61F}
	EndGlobalSection
EndGlobal
